// !$*UTF8*$!
{
	archiveVersion = 1;
	classes = {
	};
	objectVersion = 56;
	objects = {

/* Begin PBXBuildFile section */
		C2A1C2F02AE8FC4800C20240 /* LoginPageTestApp.swift in Sources */ = {isa = PBXBuildFile; fileRef = C2A1C2EF2AE8FC4800C20240 /* LoginPageTestApp.swift */; };
		C2A1C2F22AE8FC4800C20240 /* ContentView.swift in Sources */ = {isa = PBXBuildFile; fileRef = C2A1C2F12AE8FC4800C20240 /* ContentView.swift */; };
		C2A1C2F42AE8FC4A00C20240 /* Assets.xcassets in Resources */ = {isa = PBXBuildFile; fileRef = C2A1C2F32AE8FC4A00C20240 /* Assets.xcassets */; };
		C2A1C2F72AE8FC4A00C20240 /* Preview Assets.xcassets in Resources */ = {isa = PBXBuildFile; fileRef = C2A1C2F62AE8FC4A00C20240 /* Preview Assets.xcassets */; };
		C2A1C3012AE8FC4A00C20240 /* LoginPageTestTests.swift in Sources */ = {isa = PBXBuildFile; fileRef = C2A1C3002AE8FC4A00C20240 /* LoginPageTestTests.swift */; };
		C2A1C30B2AE8FC4A00C20240 /* LoginPageTestUITests.swift in Sources */ = {isa = PBXBuildFile; fileRef = C2A1C30A2AE8FC4A00C20240 /* LoginPageTestUITests.swift */; };
		C2A1C30D2AE8FC4A00C20240 /* LoginPageTestUITestsLaunchTests.swift in Sources */ = {isa = PBXBuildFile; fileRef = C2A1C30C2AE8FC4A00C20240 /* LoginPageTestUITestsLaunchTests.swift */; };
		C2A1C31C2AE8FCCE00C20240 /* LoginPageViewVeiwModel.swift in Sources */ = {isa = PBXBuildFile; fileRef = C2A1C31B2AE8FCCE00C20240 /* LoginPageViewVeiwModel.swift */; };
		C2A1C31E2AE9133E00C20240 /* LoginPageTestCase.swift in Sources */ = {isa = PBXBuildFile; fileRef = C2A1C31D2AE9133E00C20240 /* LoginPageTestCase.swift */; };
/* End PBXBuildFile section */

/* Begin PBXContainerItemProxy section */
		C2A1C2FD2AE8FC4A00C20240 /* PBXContainerItemProxy */ = {
			isa = PBXContainerItemProxy;
			containerPortal = C2A1C2E42AE8FC4800C20240 /* Project object */;
			proxyType = 1;
			remoteGlobalIDString = C2A1C2EB2AE8FC4800C20240;
			remoteInfo = LoginPageTest;
		};
		C2A1C3072AE8FC4A00C20240 /* PBXContainerItemProxy */ = {
			isa = PBXContainerItemProxy;
			containerPortal = C2A1C2E42AE8FC4800C20240 /* Project object */;
			proxyType = 1;
			remoteGlobalIDString = C2A1C2EB2AE8FC4800C20240;
			remoteInfo = LoginPageTest;
		};
/* End PBXContainerItemProxy section */

/* Begin PBXFileReference section */
		C2A1C2EC2AE8FC4800C20240 /* LoginPageTest.app */ = {isa = PBXFileReference; explicitFileType = wrapper.application; includeInIndex = 0; path = LoginPageTest.app; sourceTree = BUILT_PRODUCTS_DIR; };
		C2A1C2EF2AE8FC4800C20240 /* LoginPageTestApp.swift */ = {isa = PBXFileReference; lastKnownFileType = sourcecode.swift; path = LoginPageTestApp.swift; sourceTree = "<group>"; };
		C2A1C2F12AE8FC4800C20240 /* ContentView.swift */ = {isa = PBXFileReference; lastKnownFileType = sourcecode.swift; path = ContentView.swift; sourceTree = "<group>"; };
		C2A1C2F32AE8FC4A00C20240 /* Assets.xcassets */ = {isa = PBXFileReference; lastKnownFileType = folder.assetcatalog; path = Assets.xcassets; sourceTree = "<group>"; };
		C2A1C2F62AE8FC4A00C20240 /* Preview Assets.xcassets */ = {isa = PBXFileReference; lastKnownFileType = folder.assetcatalog; path = "Preview Assets.xcassets"; sourceTree = "<group>"; };
		C2A1C2FC2AE8FC4A00C20240 /* LoginPageTestTests.xctest */ = {isa = PBXFileReference; explicitFileType = wrapper.cfbundle; includeInIndex = 0; path = LoginPageTestTests.xctest; sourceTree = BUILT_PRODUCTS_DIR; };
		C2A1C3002AE8FC4A00C20240 /* LoginPageTestTests.swift */ = {isa = PBXFileReference; lastKnownFileType = sourcecode.swift; path = LoginPageTestTests.swift; sourceTree = "<group>"; };
		C2A1C3062AE8FC4A00C20240 /* LoginPageTestUITests.xctest */ = {isa = PBXFileReference; explicitFileType = wrapper.cfbundle; includeInIndex = 0; path = LoginPageTestUITests.xctest; sourceTree = BUILT_PRODUCTS_DIR; };
		C2A1C30A2AE8FC4A00C20240 /* LoginPageTestUITests.swift */ = {isa = PBXFileReference; lastKnownFileType = sourcecode.swift; path = LoginPageTestUITests.swift; sourceTree = "<group>"; };
		C2A1C30C2AE8FC4A00C20240 /* LoginPageTestUITestsLaunchTests.swift */ = {isa = PBXFileReference; lastKnownFileType = sourcecode.swift; path = LoginPageTestUITestsLaunchTests.swift; sourceTree = "<group>"; };
		C2A1C31B2AE8FCCE00C20240 /* LoginPageViewVeiwModel.swift */ = {isa = PBXFileReference; lastKnownFileType = sourcecode.swift; path = LoginPageViewVeiwModel.swift; sourceTree = "<group>"; };
		C2A1C31D2AE9133E00C20240 /* LoginPageTestCase.swift */ = {isa = PBXFileReference; lastKnownFileType = sourcecode.swift; path = LoginPageTestCase.swift; sourceTree = "<group>"; };
/* End PBXFileReference section */

/* Begin PBXFrameworksBuildPhase section */
		C2A1C2E92AE8FC4800C20240 /* Frameworks */ = {
			isa = PBXFrameworksBuildPhase;
			buildActionMask = 2147483647;
			files = (
			);
			runOnlyForDeploymentPostprocessing = 0;
		};
		C2A1C2F92AE8FC4A00C20240 /* Frameworks */ = {
			isa = PBXFrameworksBuildPhase;
			buildActionMask = 2147483647;
			files = (
			);
			runOnlyForDeploymentPostprocessing = 0;
		};
		C2A1C3032AE8FC4A00C20240 /* Frameworks */ = {
			isa = PBXFrameworksBuildPhase;
			buildActionMask = 2147483647;
			files = (
			);
			runOnlyForDeploymentPostprocessing = 0;
		};
/* End PBXFrameworksBuildPhase section */

/* Begin PBXGroup section */
		C2A1C2E32AE8FC4800C20240 = {
			isa = PBXGroup;
			children = (
				C2A1C2EE2AE8FC4800C20240 /* LoginPageTest */,
				C2A1C2FF2AE8FC4A00C20240 /* LoginPageTestTests */,
				C2A1C3092AE8FC4A00C20240 /* LoginPageTestUITests */,
				C2A1C2ED2AE8FC4800C20240 /* Products */,
			);
			sourceTree = "<group>";
		};
		C2A1C2ED2AE8FC4800C20240 /* Products */ = {
			isa = PBXGroup;
			children = (
				C2A1C2EC2AE8FC4800C20240 /* LoginPageTest.app */,
				C2A1C2FC2AE8FC4A00C20240 /* LoginPageTestTests.xctest */,
				C2A1C3062AE8FC4A00C20240 /* LoginPageTestUITests.xctest */,
			);
			name = Products;
			sourceTree = "<group>";
		};
		C2A1C2EE2AE8FC4800C20240 /* LoginPageTest */ = {
			isa = PBXGroup;
			children = (
				C2A1C31A2AE8FC9600C20240 /* LoginPageViewModel */,
				C2A1C3192AE8FC9000C20240 /* LoginPageView */,
				C2A1C2F32AE8FC4A00C20240 /* Assets.xcassets */,
				C2A1C2F52AE8FC4A00C20240 /* Preview Content */,
			);
			path = LoginPageTest;
			sourceTree = "<group>";
		};
		C2A1C2F52AE8FC4A00C20240 /* Preview Content */ = {
			isa = PBXGroup;
			children = (
				C2A1C2F62AE8FC4A00C20240 /* Preview Assets.xcassets */,
			);
			path = "Preview Content";
			sourceTree = "<group>";
		};
		C2A1C2FF2AE8FC4A00C20240 /* LoginPageTestTests */ = {
			isa = PBXGroup;
			children = (
				C2A1C3002AE8FC4A00C20240 /* LoginPageTestTests.swift */,
				C2A1C31D2AE9133E00C20240 /* LoginPageTestCase.swift */,
			);
			path = LoginPageTestTests;
			sourceTree = "<group>";
		};
		C2A1C3092AE8FC4A00C20240 /* LoginPageTestUITests */ = {
			isa = PBXGroup;
			children = (
				C2A1C30A2AE8FC4A00C20240 /* LoginPageTestUITests.swift */,
				C2A1C30C2AE8FC4A00C20240 /* LoginPageTestUITestsLaunchTests.swift */,
			);
			path = LoginPageTestUITests;
			sourceTree = "<group>";
		};
		C2A1C3192AE8FC9000C20240 /* LoginPageView */ = {
			isa = PBXGroup;
			children = (
				C2A1C2EF2AE8FC4800C20240 /* LoginPageTestApp.swift */,
				C2A1C2F12AE8FC4800C20240 /* ContentView.swift */,
			);
			path = LoginPageView;
			sourceTree = "<group>";
		};
		C2A1C31A2AE8FC9600C20240 /* LoginPageViewModel */ = {
			isa = PBXGroup;
			children = (
				C2A1C31B2AE8FCCE00C20240 /* LoginPageViewVeiwModel.swift */,
			);
			path = LoginPageViewModel;
			sourceTree = "<group>";
		};
/* End PBXGroup section */

/* Begin PBXNativeTarget section */
		C2A1C2EB2AE8FC4800C20240 /* LoginPageTest */ = {
			isa = PBXNativeTarget;
			buildConfigurationList = C2A1C3102AE8FC4A00C20240 /* Build configuration list for PBXNativeTarget "LoginPageTest" */;
			buildPhases = (
				C2A1C2E82AE8FC4800C20240 /* Sources */,
				C2A1C2E92AE8FC4800C20240 /* Frameworks */,
				C2A1C2EA2AE8FC4800C20240 /* Resources */,
			);
			buildRules = (
			);
			dependencies = (
			);
			name = LoginPageTest;
			productName = LoginPageTest;
			productReference = C2A1C2EC2AE8FC4800C20240 /* LoginPageTest.app */;
			productType = "com.apple.product-type.application";
		};
		C2A1C2FB2AE8FC4A00C20240 /* LoginPageTestTests */ = {
			isa = PBXNativeTarget;
			buildConfigurationList = C2A1C3132AE8FC4A00C20240 /* Build configuration list for PBXNativeTarget "LoginPageTestTests" */;
			buildPhases = (
				C2A1C2F82AE8FC4A00C20240 /* Sources */,
				C2A1C2F92AE8FC4A00C20240 /* Frameworks */,
				C2A1C2FA2AE8FC4A00C20240 /* Resources */,
			);
			buildRules = (
			);
			dependencies = (
				C2A1C2FE2AE8FC4A00C20240 /* PBXTargetDependency */,
			);
			name = LoginPageTestTests;
			productName = LoginPageTestTests;
			productReference = C2A1C2FC2AE8FC4A00C20240 /* LoginPageTestTests.xctest */;
			productType = "com.apple.product-type.bundle.unit-test";
		};
		C2A1C3052AE8FC4A00C20240 /* LoginPageTestUITests */ = {
			isa = PBXNativeTarget;
			buildConfigurationList = C2A1C3162AE8FC4A00C20240 /* Build configuration list for PBXNativeTarget "LoginPageTestUITests" */;
			buildPhases = (
				C2A1C3022AE8FC4A00C20240 /* Sources */,
				C2A1C3032AE8FC4A00C20240 /* Frameworks */,
				C2A1C3042AE8FC4A00C20240 /* Resources */,
			);
			buildRules = (
			);
			dependencies = (
				C2A1C3082AE8FC4A00C20240 /* PBXTargetDependency */,
			);
			name = LoginPageTestUITests;
			productName = LoginPageTestUITests;
			productReference = C2A1C3062AE8FC4A00C20240 /* LoginPageTestUITests.xctest */;
			productType = "com.apple.product-type.bundle.ui-testing";
		};
/* End PBXNativeTarget section */

/* Begin PBXProject section */
		C2A1C2E42AE8FC4800C20240 /* Project object */ = {
			isa = PBXProject;
			attributes = {
				BuildIndependentTargetsInParallel = 1;
				LastSwiftUpdateCheck = 1500;
				LastUpgradeCheck = 1500;
				TargetAttributes = {
					C2A1C2EB2AE8FC4800C20240 = {
						CreatedOnToolsVersion = 15.0;
					};
					C2A1C2FB2AE8FC4A00C20240 = {
						CreatedOnToolsVersion = 15.0;
						TestTargetID = C2A1C2EB2AE8FC4800C20240;
					};
					C2A1C3052AE8FC4A00C20240 = {
						CreatedOnToolsVersion = 15.0;
						TestTargetID = C2A1C2EB2AE8FC4800C20240;
					};
				};
			};
			buildConfigurationList = C2A1C2E72AE8FC4800C20240 /* Build configuration list for PBXProject "LoginPageTest" */;
			compatibilityVersion = "Xcode 14.0";
			developmentRegion = en;
			hasScannedForEncodings = 0;
			knownRegions = (
				en,
				Base,
			);
			mainGroup = C2A1C2E32AE8FC4800C20240;
			productRefGroup = C2A1C2ED2AE8FC4800C20240 /* Products */;
			projectDirPath = "";
			projectRoot = "";
			targets = (
				C2A1C2EB2AE8FC4800C20240 /* LoginPageTest */,
				C2A1C2FB2AE8FC4A00C20240 /* LoginPageTestTests */,
				C2A1C3052AE8FC4A00C20240 /* LoginPageTestUITests */,
			);
		};
/* End PBXProject section */

/* Begin PBXResourcesBuildPhase section */
		C2A1C2EA2AE8FC4800C20240 /* Resources */ = {
			isa = PBXResourcesBuildPhase;
			buildActionMask = 2147483647;
			files = (
				C2A1C2F72AE8FC4A00C20240 /* Preview Assets.xcassets in Resources */,
				C2A1C2F42AE8FC4A00C20240 /* Assets.xcassets in Resources */,
			);
			runOnlyForDeploymentPostprocessing = 0;
		};
		C2A1C2FA2AE8FC4A00C20240 /* Resources */ = {
			isa = PBXResourcesBuildPhase;
			buildActionMask = 2147483647;
			files = (
			);
			runOnlyForDeploymentPostprocessing = 0;
		};
		C2A1C3042AE8FC4A00C20240 /* Resources */ = {
			isa = PBXResourcesBuildPhase;
			buildActionMask = 2147483647;
			files = (
			);
			runOnlyForDeploymentPostprocessing = 0;
		};
/* End PBXResourcesBuildPhase section */

/* Begin PBXSourcesBuildPhase section */
		C2A1C2E82AE8FC4800C20240 /* Sources */ = {
			isa = PBXSourcesBuildPhase;
			buildActionMask = 2147483647;
			files = (
				C2A1C31C2AE8FCCE00C20240 /* LoginPageViewVeiwModel.swift in Sources */,
				C2A1C2F22AE8FC4800C20240 /* ContentView.swift in Sources */,
				C2A1C2F02AE8FC4800C20240 /* LoginPageTestApp.swift in Sources */,
			);
			runOnlyForDeploymentPostprocessing = 0;
		};
		C2A1C2F82AE8FC4A00C20240 /* Sources */ = {
			isa = PBXSourcesBuildPhase;
			buildActionMask = 2147483647;
			files = (
				C2A1C31E2AE9133E00C20240 /* LoginPageTestCase.swift in Sources */,
				C2A1C3012AE8FC4A00C20240 /* LoginPageTestTests.swift in Sources */,
			);
			runOnlyForDeploymentPostprocessing = 0;
		};
		C2A1C3022AE8FC4A00C20240 /* Sources */ = {
			isa = PBXSourcesBuildPhase;
			buildActionMask = 2147483647;
			files = (
				C2A1C30B2AE8FC4A00C20240 /* LoginPageTestUITests.swift in Sources */,
				C2A1C30D2AE8FC4A00C20240 /* LoginPageTestUITestsLaunchTests.swift in Sources */,
			);
			runOnlyForDeploymentPostprocessing = 0;
		};
/* End PBXSourcesBuildPhase section */

/* Begin PBXTargetDependency section */
		C2A1C2FE2AE8FC4A00C20240 /* PBXTargetDependency */ = {
			isa = PBXTargetDependency;
			target = C2A1C2EB2AE8FC4800C20240 /* LoginPageTest */;
			targetProxy = C2A1C2FD2AE8FC4A00C20240 /* PBXContainerItemProxy */;
		};
		C2A1C3082AE8FC4A00C20240 /* PBXTargetDependency */ = {
			isa = PBXTargetDependency;
			target = C2A1C2EB2AE8FC4800C20240 /* LoginPageTest */;
			targetProxy = C2A1C3072AE8FC4A00C20240 /* PBXContainerItemProxy */;
		};
/* End PBXTargetDependency section */

/* Begin XCBuildConfiguration section */
		C2A1C30E2AE8FC4A00C20240 /* Debug */ = {
			isa = XCBuildConfiguration;
			buildSettings = {
				ALWAYS_SEARCH_USER_PATHS = NO;
				ASSETCATALOG_COMPILER_GENERATE_SWIFT_ASSET_SYMBOL_EXTENSIONS = YES;
				CLANG_ANALYZER_NONNULL = YES;
				CLANG_ANALYZER_NUMBER_OBJECT_CONVERSION = YES_AGGRESSIVE;
				CLANG_CXX_LANGUAGE_STANDARD = "gnu++20";
				CLANG_ENABLE_MODULES = YES;
				CLANG_ENABLE_OBJC_ARC = YES;
				CLANG_ENABLE_OBJC_WEAK = YES;
				CLANG_WARN_BLOCK_CAPTURE_AUTORELEASING = YES;
				CLANG_WARN_BOOL_CONVERSION = YES;
				CLANG_WARN_COMMA = YES;
				CLANG_WARN_CONSTANT_CONVERSION = YES;
				CLANG_WARN_DEPRECATED_OBJC_IMPLEMENTATIONS = YES;
				CLANG_WARN_DIRECT_OBJC_ISA_USAGE = YES_ERROR;
				CLANG_WARN_DOCUMENTATION_COMMENTS = YES;
				CLANG_WARN_EMPTY_BODY = YES;
				CLANG_WARN_ENUM_CONVERSION = YES;
				CLANG_WARN_INFINITE_RECURSION = YES;
				CLANG_WARN_INT_CONVERSION = YES;
				CLANG_WARN_NON_LITERAL_NULL_CONVERSION = YES;
				CLANG_WARN_OBJC_IMPLICIT_RETAIN_SELF = YES;
				CLANG_WARN_OBJC_LITERAL_CONVERSION = YES;
				CLANG_WARN_OBJC_ROOT_CLASS = YES_ERROR;
				CLANG_WARN_QUOTED_INCLUDE_IN_FRAMEWORK_HEADER = YES;
				CLANG_WARN_RANGE_LOOP_ANALYSIS = YES;
				CLANG_WARN_STRICT_PROTOTYPES = YES;
				CLANG_WARN_SUSPICIOUS_MOVE = YES;
				CLANG_WARN_UNGUARDED_AVAILABILITY = YES_AGGRESSIVE;
				CLANG_WARN_UNREACHABLE_CODE = YES;
				CLANG_WARN__DUPLICATE_METHOD_MATCH = YES;
				COPY_PHASE_STRIP = NO;
				DEBUG_INFORMATION_FORMAT = dwarf;
				ENABLE_STRICT_OBJC_MSGSEND = YES;
				ENABLE_TESTABILITY = YES;
				ENABLE_USER_SCRIPT_SANDBOXING = YES;
				GCC_C_LANGUAGE_STANDARD = gnu17;
				GCC_DYNAMIC_NO_PIC = NO;
				GCC_NO_COMMON_BLOCKS = YES;
				GCC_OPTIMIZATION_LEVEL = 0;
				GCC_PREPROCESSOR_DEFINITIONS = (
					"DEBUG=1",
					"$(inherited)",
				);
				GCC_WARN_64_TO_32_BIT_CONVERSION = YES;
				GCC_WARN_ABOUT_RETURN_TYPE = YES_ERROR;
				GCC_WARN_UNDECLARED_SELECTOR = YES;
				GCC_WARN_UNINITIALIZED_AUTOS = YES_AGGRESSIVE;
				GCC_WARN_UNUSED_FUNCTION = YES;
				GCC_WARN_UNUSED_VARIABLE = YES;
				IPHONEOS_DEPLOYMENT_TARGET = 17.0;
				LOCALIZATION_PREFERS_STRING_CATALOGS = YES;
				MTL_ENABLE_DEBUG_INFO = INCLUDE_SOURCE;
				MTL_FAST_MATH = YES;
				ONLY_ACTIVE_ARCH = YES;
				SDKROOT = iphoneos;
				SWIFT_ACTIVE_COMPILATION_CONDITIONS = "DEBUG $(inherited)";
				SWIFT_OPTIMIZATION_LEVEL = "-Onone";
			};
			name = Debug;
		};
		C2A1C30F2AE8FC4A00C20240 /* Release */ = {
			isa = XCBuildConfiguration;
			buildSettings = {
				ALWAYS_SEARCH_USER_PATHS = NO;
				ASSETCATALOG_COMPILER_GENERATE_SWIFT_ASSET_SYMBOL_EXTENSIONS = YES;
				CLANG_ANALYZER_NONNULL = YES;
				CLANG_ANALYZER_NUMBER_OBJECT_CONVERSION = YES_AGGRESSIVE;
				CLANG_CXX_LANGUAGE_STANDARD = "gnu++20";
				CLANG_ENABLE_MODULES = YES;
				CLANG_ENABLE_OBJC_ARC = YES;
				CLANG_ENABLE_OBJC_WEAK = YES;
				CLANG_WARN_BLOCK_CAPTURE_AUTORELEASING = YES;
				CLANG_WARN_BOOL_CONVERSION = YES;
				CLANG_WARN_COMMA = YES;
				CLANG_WARN_CONSTANT_CONVERSION = YES;
				CLANG_WARN_DEPRECATED_OBJC_IMPLEMENTATIONS = YES;
				CLANG_WARN_DIRECT_OBJC_ISA_USAGE = YES_ERROR;
				CLANG_WARN_DOCUMENTATION_COMMENTS = YES;
				CLANG_WARN_EMPTY_BODY = YES;
				CLANG_WARN_ENUM_CONVERSION = YES;
				CLANG_WARN_INFINITE_RECURSION = YES;
				CLANG_WARN_INT_CONVERSION = YES;
				CLANG_WARN_NON_LITERAL_NULL_CONVERSION = YES;
				CLANG_WARN_OBJC_IMPLICIT_RETAIN_SELF = YES;
				CLANG_WARN_OBJC_LITERAL_CONVERSION = YES;
				CLANG_WARN_OBJC_ROOT_CLASS = YES_ERROR;
				CLANG_WARN_QUOTED_INCLUDE_IN_FRAMEWORK_HEADER = YES;
				CLANG_WARN_RANGE_LOOP_ANALYSIS = YES;
				CLANG_WARN_STRICT_PROTOTYPES = YES;
				CLANG_WARN_SUSPICIOUS_MOVE = YES;
				CLANG_WARN_UNGUARDED_AVAILABILITY = YES_AGGRESSIVE;
				CLANG_WARN_UNREACHABLE_CODE = YES;
				CLANG_WARN__DUPLICATE_METHOD_MATCH = YES;
				COPY_PHASE_STRIP = NO;
				DEBUG_INFORMATION_FORMAT = "dwarf-with-dsym";
				ENABLE_NS_ASSERTIONS = NO;
				ENABLE_STRICT_OBJC_MSGSEND = YES;
				ENABLE_USER_SCRIPT_SANDBOXING = YES;
				GCC_C_LANGUAGE_STANDARD = gnu17;
				GCC_NO_COMMON_BLOCKS = YES;
				GCC_WARN_64_TO_32_BIT_CONVERSION = YES;
				GCC_WARN_ABOUT_RETURN_TYPE = YES_ERROR;
				GCC_WARN_UNDECLARED_SELECTOR = YES;
				GCC_WARN_UNINITIALIZED_AUTOS = YES_AGGRESSIVE;
				GCC_WARN_UNUSED_FUNCTION = YES;
				GCC_WARN_UNUSED_VARIABLE = YES;
				IPHONEOS_DEPLOYMENT_TARGET = 17.0;
				LOCALIZATION_PREFERS_STRING_CATALOGS = YES;
				MTL_ENABLE_DEBUG_INFO = NO;
				MTL_FAST_MATH = YES;
				SDKROOT = iphoneos;
				SWIFT_COMPILATION_MODE = wholemodule;
				VALIDATE_PRODUCT = YES;
			};
			name = Release;
		};
		C2A1C3112AE8FC4A00C20240 /* Debug */ = {
			isa = XCBuildConfiguration;
			buildSettings = {
				ASSETCATALOG_COMPILER_APPICON_NAME = AppIcon;
				ASSETCATALOG_COMPILER_GLOBAL_ACCENT_COLOR_NAME = AccentColor;
				CODE_SIGN_STYLE = Automatic;
				CURRENT_PROJECT_VERSION = 1;
				DEVELOPMENT_ASSET_PATHS = "\"LoginPageTest/Preview Content\"";
				ENABLE_PREVIEWS = YES;
				GENERATE_INFOPLIST_FILE = YES;
				INFOPLIST_KEY_UIApplicationSceneManifest_Generation = YES;
				INFOPLIST_KEY_UIApplicationSupportsIndirectInputEvents = YES;
				INFOPLIST_KEY_UILaunchScreen_Generation = YES;
				INFOPLIST_KEY_UISupportedInterfaceOrientations_iPad = "UIInterfaceOrientationPortrait UIInterfaceOrientationPortraitUpsideDown UIInterfaceOrientationLandscapeLeft UIInterfaceOrientationLandscapeRight";
				INFOPLIST_KEY_UISupportedInterfaceOrientations_iPhone = "UIInterfaceOrientationPortrait UIInterfaceOrientationLandscapeLeft UIInterfaceOrientationLandscapeRight";
				LD_RUNPATH_SEARCH_PATHS = (
					"$(inherited)",
					"@executable_path/Frameworks",
				);
				MARKETING_VERSION = 1.0;
				PRODUCT_BUNDLE_IDENTIFIER = com.synchronoss.LoginPageTest;
				PRODUCT_NAME = "$(TARGET_NAME)";
				SWIFT_EMIT_LOC_STRINGS = YES;
				SWIFT_VERSION = 5.0;
				TARGETED_DEVICE_FAMILY = "1,2";
			};
			name = Debug;
		};
		C2A1C3122AE8FC4A00C20240 /* Release */ = {
			isa = XCBuildConfiguration;
			buildSettings = {
				ASSETCATALOG_COMPILER_APPICON_NAME = AppIcon;
				ASSETCATALOG_COMPILER_GLOBAL_ACCENT_COLOR_NAME = AccentColor;
				CODE_SIGN_STYLE = Automatic;
				CURRENT_PROJECT_VERSION = 1;
				DEVELOPMENT_ASSET_PATHS = "\"LoginPageTest/Preview Content\"";
				ENABLE_PREVIEWS = YES;
				GENERATE_INFOPLIST_FILE = YES;
				INFOPLIST_KEY_UIApplicationSceneManifest_Generation = YES;
				INFOPLIST_KEY_UIApplicationSupportsIndirectInputEvents = YES;
				INFOPLIST_KEY_UILaunchScreen_Generation = YES;
				INFOPLIST_KEY_UISupportedInterfaceOrientations_iPad = "UIInterfaceOrientationPortrait UIInterfaceOrientationPortraitUpsideDown UIInterfaceOrientationLandscapeLeft UIInterfaceOrientationLandscapeRight";
				INFOPLIST_KEY_UISupportedInterfaceOrientations_iPhone = "UIInterfaceOrientationPortrait UIInterfaceOrientationLandscapeLeft UIInterfaceOrientationLandscapeRight";
				LD_RUNPATH_SEARCH_PATHS = (
					"$(inherited)",
					"@executable_path/Frameworks",
				);
				MARKETING_VERSION = 1.0;
				PRODUCT_BUNDLE_IDENTIFIER = com.synchronoss.LoginPageTest;
				PRODUCT_NAME = "$(TARGET_NAME)";
				SWIFT_EMIT_LOC_STRINGS = YES;
				SWIFT_VERSION = 5.0;
				TARGETED_DEVICE_FAMILY = "1,2";
			};
			name = Release;
		};
		C2A1C3142AE8FC4A00C20240 /* Debug */ = {
			isa = XCBuildConfiguration;
			buildSettings = {
				ALWAYS_EMBED_SWIFT_STANDARD_LIBRARIES = YES;
				BUNDLE_LOADER = "$(TEST_HOST)";
				CODE_SIGN_STYLE = Automatic;
				CURRENT_PROJECT_VERSION = 1;
				GENERATE_INFOPLIST_FILE = YES;
				IPHONEOS_DEPLOYMENT_TARGET = 17.0;
				MARKETING_VERSION = 1.0;
				PRODUCT_BUNDLE_IDENTIFIER = com.synchronoss.LoginPageTestTests;
				PRODUCT_NAME = "$(TARGET_NAME)";
				SWIFT_EMIT_LOC_STRINGS = NO;
				SWIFT_VERSION = 5.0;
				TARGETED_DEVICE_FAMILY = "1,2";
				TEST_HOST = "$(BUILT_PRODUCTS_DIR)/LoginPageTest.app/$(BUNDLE_EXECUTABLE_FOLDER_PATH)/LoginPageTest";
			};
			name = Debug;
		};
		C2A1C3152AE8FC4A00C20240 /* Release */ = {
			isa = XCBuildConfiguration;
			buildSettings = {
				ALWAYS_EMBED_SWIFT_STANDARD_LIBRARIES = YES;
				BUNDLE_LOADER = "$(TEST_HOST)";
				CODE_SIGN_STYLE = Automatic;
				CURRENT_PROJECT_VERSION = 1;
				GENERATE_INFOPLIST_FILE = YES;
				IPHONEOS_DEPLOYMENT_TARGET = 17.0;
				MARKETING_VERSION = 1.0;
				PRODUCT_BUNDLE_IDENTIFIER = com.synchronoss.LoginPageTestTests;
				PRODUCT_NAME = "$(TARGET_NAME)";
				SWIFT_EMIT_LOC_STRINGS = NO;
				SWIFT_VERSION = 5.0;
				TARGETED_DEVICE_FAMILY = "1,2";
				TEST_HOST = "$(BUILT_PRODUCTS_DIR)/LoginPageTest.app/$(BUNDLE_EXECUTABLE_FOLDER_PATH)/LoginPageTest";
			};
			name = Release;
		};
		C2A1C3172AE8FC4A00C20240 /* Debug */ = {
			isa = XCBuildConfiguration;
			buildSettings = {
				ALWAYS_EMBED_SWIFT_STANDARD_LIBRARIES = YES;
				CODE_SIGN_STYLE = Automatic;
				CURRENT_PROJECT_VERSION = 1;
				GENERATE_INFOPLIST_FILE = YES;
				MARKETING_VERSION = 1.0;
				PRODUCT_BUNDLE_IDENTIFIER = com.synchronoss.LoginPageTestUITests;
				PRODUCT_NAME = "$(TARGET_NAME)";
				SWIFT_EMIT_LOC_STRINGS = NO;
				SWIFT_VERSION = 5.0;
				TARGETED_DEVICE_FAMILY = "1,2";
				TEST_TARGET_NAME = LoginPageTest;
			};
			name = Debug;
		};
		C2A1C3182AE8FC4A00C20240 /* Release */ = {
			isa = XCBuildConfiguration;
			buildSettings = {
				ALWAYS_EMBED_SWIFT_STANDARD_LIBRARIES = YES;
				CODE_SIGN_STYLE = Automatic;
				CURRENT_PROJECT_VERSION = 1;
				GENERATE_INFOPLIST_FILE = YES;
				MARKETING_VERSION = 1.0;
				PRODUCT_BUNDLE_IDENTIFIER = com.synchronoss.LoginPageTestUITests;
				PRODUCT_NAME = "$(TARGET_NAME)";
				SWIFT_EMIT_LOC_STRINGS = NO;
				SWIFT_VERSION = 5.0;
				TARGETED_DEVICE_FAMILY = "1,2";
				TEST_TARGET_NAME = LoginPageTest;
			};
			name = Release;
		};
/* End XCBuildConfiguration section */

/* Begin XCConfigurationList section */
		C2A1C2E72AE8FC4800C20240 /* Build configuration list for PBXProject "LoginPageTest" */ = {
			isa = XCConfigurationList;
			buildConfigurations = (
				C2A1C30E2AE8FC4A00C20240 /* Debug */,
				C2A1C30F2AE8FC4A00C20240 /* Release */,
			);
			defaultConfigurationIsVisible = 0;
			defaultConfigurationName = Release;
		};
		C2A1C3102AE8FC4A00C20240 /* Build configuration list for PBXNativeTarget "LoginPageTest" */ = {
			isa = XCConfigurationList;
			buildConfigurations = (
				C2A1C3112AE8FC4A00C20240 /* Debug */,
				C2A1C3122AE8FC4A00C20240 /* Release */,
			);
			defaultConfigurationIsVisible = 0;
			defaultConfigurationName = Release;
		};
		C2A1C3132AE8FC4A00C20240 /* Build configuration list for PBXNativeTarget "LoginPageTestTests" */ = {
			isa = XCConfigurationList;
			buildConfigurations = (
				C2A1C3142AE8FC4A00C20240 /* Debug */,
				C2A1C3152AE8FC4A00C20240 /* Release */,
			);
			defaultConfigurationIsVisible = 0;
			defaultConfigurationName = Release;
		};
		C2A1C3162AE8FC4A00C20240 /* Build configuration list for PBXNativeTarget "LoginPageTestUITests" */ = {
			isa = XCConfigurationList;
			buildConfigurations = (
				C2A1C3172AE8FC4A00C20240 /* Debug */,
				C2A1C3182AE8FC4A00C20240 /* Release */,
			);
			defaultConfigurationIsVisible = 0;
			defaultConfigurationName = Release;
		};
/* End XCConfigurationList section */
	};
	rootObject = C2A1C2E42AE8FC4800C20240 /* Project object */;
}
